
Microsoft Visual Studio Solution File, Format Version 12.00
# Visual Studio Version 16
VisualStudioVersion = 16.0.30804.86
MinimumVisualStudioVersion = 10.0.40219.1
Project("{FAE04EC0-301F-11D3-BF4B-00C04F79EFBC}") = "ShoppingAssesment", "ShoppingAssesment.csproj", "{FF52DFB1-AC6B-4904-923B-641E19C27760}"
EndProject
Global
	GlobalSection(SolutionConfigurationPlatforms) = preSolution
		Debug|Any CPU = Debug|Any CPU
		Release|Any CPU = Release|Any CPU
	EndGlobalSection
	GlobalSection(ProjectConfigurationPlatforms) = postSolution
		{FF52DFB1-AC6B-4904-923B-641E19C27760}.Debug|Any CPU.ActiveCfg = Debug|Any CPU
		{FF52DFB1-AC6B-4904-923B-641E19C27760}.Debug|Any CPU.Build.0 = Debug|Any CPU
		{FF52DFB1-AC6B-4904-923B-641E19C27760}.Release|Any CPU.ActiveCfg = Release|Any CPU
		{FF52DFB1-AC6B-4904-923B-641E19C27760}.Release|Any CPU.Build.0 = Release|Any CPU
	EndGlobalSection
	GlobalSection(SolutionProperties) = preSolution
		HideSolutionNode = FALSE
	EndGlobalSection
	GlobalSection(ExtensibilityGlobals) = postSolution
		SolutionGuid = {97371DBE-5510-481C-9CF3-11A47593DA12}
	EndGlobalSection
EndGlobal
